
Microsoft Visual Studio Solution File, Format Version 12.00
Project("{FAE04EC0-301F-11D3-BF4B-00C04F79EFBC}") = "TennisGameKata", "TennisGameKata\TennisGameKata.csproj", "{B9E7BF58-40F0-4C3E-8020-A76940BC602E}"
EndProject
Project("{FAE04EC0-301F-11D3-BF4B-00C04F79EFBC}") = "TennisGameKata.Tests", "TennisGameKata.Tests\TennisGameKata.Tests.csproj", "{05211F2C-C5F4-45CA-A859-C109B670DE92}"
EndProject
Global
	GlobalSection(SolutionConfigurationPlatforms) = preSolution
		Debug|Any CPU = Debug|Any CPU
		Release|Any CPU = Release|Any CPU
	EndGlobalSection
	GlobalSection(ProjectConfigurationPlatforms) = postSolution
		{B9E7BF58-40F0-4C3E-8020-A76940BC602E}.Debug|Any CPU.ActiveCfg = Debug|Any CPU
		{B9E7BF58-40F0-4C3E-8020-A76940BC602E}.Debug|Any CPU.Build.0 = Debug|Any CPU
		{B9E7BF58-40F0-4C3E-8020-A76940BC602E}.Release|Any CPU.ActiveCfg = Release|Any CPU
		{B9E7BF58-40F0-4C3E-8020-A76940BC602E}.Release|Any CPU.Build.0 = Release|Any CPU
		{05211F2C-C5F4-45CA-A859-C109B670DE92}.Debug|Any CPU.ActiveCfg = Debug|Any CPU
		{05211F2C-C5F4-45CA-A859-C109B670DE92}.Debug|Any CPU.Build.0 = Debug|Any CPU
		{05211F2C-C5F4-45CA-A859-C109B670DE92}.Release|Any CPU.ActiveCfg = Release|Any CPU
		{05211F2C-C5F4-45CA-A859-C109B670DE92}.Release|Any CPU.Build.0 = Release|Any CPU
	EndGlobalSection
EndGlobal
